// !$*UTF8*$!
{
	archiveVersion = 1;
	classes = {
	};
	objectVersion = 50;
	objects = {

/* Begin PBXBuildFile section */
		30E2EC2D261C93C9008F3508 /* AddBloodSugarTableCell.swift in Sources */ = {isa = PBXBuildFile; fileRef = 30E2EC2C261C93C9008F3508 /* AddBloodSugarTableCell.swift */; };
		30E2EC34261CA15D008F3508 /* AddBloodSugarCategoryTableCell.swift in Sources */ = {isa = PBXBuildFile; fileRef = 30E2EC33261CA15D008F3508 /* AddBloodSugarCategoryTableCell.swift */; };
		BC560ECF261B6D44009A9A7E /* BarChart.swift in Sources */ = {isa = PBXBuildFile; fileRef = BC560ECE261B6D44009A9A7E /* BarChart.swift */; };
		BC560ED2261B6D5B009A9A7E /* BarChartEntry.swift in Sources */ = {isa = PBXBuildFile; fileRef = BC560ED1261B6D5B009A9A7E /* BarChartEntry.swift */; };
		BC560ED7261B6DB7009A9A7E /* UIBezierPath+Extension.swift in Sources */ = {isa = PBXBuildFile; fileRef = BC560ED6261B6DB7009A9A7E /* UIBezierPath+Extension.swift */; };
		BC560EDA261B6DC2009A9A7E /* CALayer+Extension.swift in Sources */ = {isa = PBXBuildFile; fileRef = BC560ED9261B6DC2009A9A7E /* CALayer+Extension.swift */; };
		BC560EDD261B6DCF009A9A7E /* Array+Extension.swift in Sources */ = {isa = PBXBuildFile; fileRef = BC560EDC261B6DCF009A9A7E /* Array+Extension.swift */; };
		BC560EE0261B6E07009A9A7E /* BarChartPresenter.swift in Sources */ = {isa = PBXBuildFile; fileRef = BC560EDF261B6E07009A9A7E /* BarChartPresenter.swift */; };
		BC68A5D1260B09040007F846 /* AppDelegate.swift in Sources */ = {isa = PBXBuildFile; fileRef = BC68A5D0260B09040007F846 /* AppDelegate.swift */; };
		BC68A5D3260B09040007F846 /* SceneDelegate.swift in Sources */ = {isa = PBXBuildFile; fileRef = BC68A5D2260B09040007F846 /* SceneDelegate.swift */; };
		BC68A5D8260B09040007F846 /* Main.storyboard in Resources */ = {isa = PBXBuildFile; fileRef = BC68A5D6260B09040007F846 /* Main.storyboard */; };
		BC68A5DB260B09040007F846 /* Diabestie.xcdatamodeld in Sources */ = {isa = PBXBuildFile; fileRef = BC68A5D9260B09040007F846 /* Diabestie.xcdatamodeld */; };
		BC68A5DD260B09050007F846 /* Assets.xcassets in Resources */ = {isa = PBXBuildFile; fileRef = BC68A5DC260B09050007F846 /* Assets.xcassets */; };
		BC68A5E0260B09050007F846 /* LaunchScreen.storyboard in Resources */ = {isa = PBXBuildFile; fileRef = BC68A5DE260B09050007F846 /* LaunchScreen.storyboard */; };
		BC6F4FB9261573E800643603 /* HomeViewController.swift in Sources */ = {isa = PBXBuildFile; fileRef = BCCDCFA7261484B500602352 /* HomeViewController.swift */; };
		BC6F4FBE261580D600643603 /* UIView+Extension.swift in Sources */ = {isa = PBXBuildFile; fileRef = BC6F4FBD261580D600643603 /* UIView+Extension.swift */; };
		BC6F4FC62615833100643603 /* BloodSugarTableCell.swift in Sources */ = {isa = PBXBuildFile; fileRef = BC6F4FC52615833100643603 /* BloodSugarTableCell.swift */; };
		BC6F4FC92615834100643603 /* FoodTableCell.swift in Sources */ = {isa = PBXBuildFile; fileRef = BC6F4FC82615834100643603 /* FoodTableCell.swift */; };
		BC6F4FCC2615834E00643603 /* MedicineTableCell.swift in Sources */ = {isa = PBXBuildFile; fileRef = BC6F4FCB2615834E00643603 /* MedicineTableCell.swift */; };
		BC6F4FCF2615835500643603 /* AddDiaryTableCell copy.swift in Sources */ = {isa = PBXBuildFile; fileRef = BC6F4FCE2615835500643603 /* AddDiaryTableCell copy.swift */; };
		BC6F4FD32615836C00643603 /* DiaryHistoryTableCell.swift in Sources */ = {isa = PBXBuildFile; fileRef = BC6F4FD22615836C00643603 /* DiaryHistoryTableCell.swift */; };
		BC6F4FD62615838400643603 /* HighlightTableCell.swift in Sources */ = {isa = PBXBuildFile; fileRef = BC6F4FD52615838400643603 /* HighlightTableCell.swift */; };
		BC87DEFD261AE1EE00E39A59 /* Entry.storyboard in Resources */ = {isa = PBXBuildFile; fileRef = BC87DEFC261AE1EE00E39A59 /* Entry.storyboard */; };
		BC87DF01261AE22100E39A59 /* MedicineEntry.storyboard in Resources */ = {isa = PBXBuildFile; fileRef = BC87DF00261AE22100E39A59 /* MedicineEntry.storyboard */; };
		BC87DF04261AE22A00E39A59 /* FoodEntry.storyboard in Resources */ = {isa = PBXBuildFile; fileRef = BC87DF03261AE22A00E39A59 /* FoodEntry.storyboard */; };
		BC87DF09261AE23700E39A59 /* BloodSugarEntry.storyboard in Resources */ = {isa = PBXBuildFile; fileRef = BC87DF08261AE23700E39A59 /* BloodSugarEntry.storyboard */; };
		BC87DF0C261AE26500E39A59 /* BloodSugarDetail.storyboard in Resources */ = {isa = PBXBuildFile; fileRef = BC87DF0B261AE26500E39A59 /* BloodSugarDetail.storyboard */; };
		BC87DF0F261AE28900E39A59 /* FoodDetail.storyboard in Resources */ = {isa = PBXBuildFile; fileRef = BC87DF0E261AE28900E39A59 /* FoodDetail.storyboard */; };
		BC87DF12261AE29700E39A59 /* MedicineDetail.storyboard in Resources */ = {isa = PBXBuildFile; fileRef = BC87DF11261AE29700E39A59 /* MedicineDetail.storyboard */; };
		BC8832752615B7CE003CC151 /* HistoryViewController.swift in Sources */ = {isa = PBXBuildFile; fileRef = BC8832742615B7CE003CC151 /* HistoryViewController.swift */; };
		BC8832792615BBDB003CC151 /* HorizontalCalendar.swift in Sources */ = {isa = PBXBuildFile; fileRef = BC8832782615BBDB003CC151 /* HorizontalCalendar.swift */; };
		BC88327C2615BC09003CC151 /* Date+Extension.swift in Sources */ = {isa = PBXBuildFile; fileRef = BC88327B2615BC09003CC151 /* Date+Extension.swift */; };
		BCB77131261C463E00255805 /* Int+Extension.swift in Sources */ = {isa = PBXBuildFile; fileRef = BCB77130261C463E00255805 /* Int+Extension.swift */; };
		BCB7713B261C5EF600255805 /* BloodSugarChartCell.swift in Sources */ = {isa = PBXBuildFile; fileRef = BCB7713A261C5EF600255805 /* BloodSugarChartCell.swift */; };
		BCB7713F261C642000255805 /* BloodSugarThresholdCell.swift in Sources */ = {isa = PBXBuildFile; fileRef = BCB7713E261C641F00255805 /* BloodSugarThresholdCell.swift */; };
		BCB77143261C64CE00255805 /* BloodSugarInfoCell.swift in Sources */ = {isa = PBXBuildFile; fileRef = BCB77142261C64CE00255805 /* BloodSugarInfoCell.swift */; };
		BCB77147261C69FB00255805 /* BloodSugarOptionCell.swift in Sources */ = {isa = PBXBuildFile; fileRef = BCB77146261C69FB00255805 /* BloodSugarOptionCell.swift */; };
		BCBBD0102614855D008E56F4 /* Constants.swift in Sources */ = {isa = PBXBuildFile; fileRef = BCBBD00F2614855D008E56F4 /* Constants.swift */; };
		BCBBD01726148698008E56F4 /* NotificationCenter+Delegate.swift in Sources */ = {isa = PBXBuildFile; fileRef = BCBBD01626148698008E56F4 /* NotificationCenter+Delegate.swift */; };
		BCC764CB261AEA6500306229 /* BloodSugarViewController.swift in Sources */ = {isa = PBXBuildFile; fileRef = BCC764CA261AEA6500306229 /* BloodSugarViewController.swift */; };
		BCC764CE261AEA7500306229 /* BloodSugarSelectDateVC.swift in Sources */ = {isa = PBXBuildFile; fileRef = BCC764CD261AEA7500306229 /* BloodSugarSelectDateVC.swift */; };
		BCC764D5261AEC6700306229 /* BloodSugarLevelGoalVC.swift in Sources */ = {isa = PBXBuildFile; fileRef = BCC764D4261AEC6700306229 /* BloodSugarLevelGoalVC.swift */; };
		BCC764DF261AECE200306229 /* FoodIntakeDataViewController.swift in Sources */ = {isa = PBXBuildFile; fileRef = BCC764DE261AECE200306229 /* FoodIntakeDataViewController.swift */; };
		BCC764E4261AECFF00306229 /* FoodIntakeViewController.swift in Sources */ = {isa = PBXBuildFile; fileRef = BCC764E3261AECFF00306229 /* FoodIntakeViewController.swift */; };
		BCC764EE261AEE3F00306229 /* MedicineIntakeViewController.swift in Sources */ = {isa = PBXBuildFile; fileRef = BCC764E9261AED6F00306229 /* MedicineIntakeViewController.swift */; };
		BCC764EF261AEE3F00306229 /* MedicineListViewController.swift in Sources */ = {isa = PBXBuildFile; fileRef = BCC764EB261AED6F00306229 /* MedicineListViewController.swift */; };
		BCC764F0261AEE3F00306229 /* MedicineCreateViewController.swift in Sources */ = {isa = PBXBuildFile; fileRef = BCC764EC261AEDBD00306229 /* MedicineCreateViewController.swift */; };
		BCC764F1261AEE3F00306229 /* MedicineIntakeDataViewController.swift in Sources */ = {isa = PBXBuildFile; fileRef = BCC764EA261AED6F00306229 /* MedicineIntakeDataViewController.swift */; };
		BCC764F4261AEE8500306229 /* SearchFoodViewController.swift in Sources */ = {isa = PBXBuildFile; fileRef = BCC764F3261AEE8500306229 /* SearchFoodViewController.swift */; };
		BCC764F7261AEE9800306229 /* AddFoodDiaryViewController.swift in Sources */ = {isa = PBXBuildFile; fileRef = BCC764F6261AEE9800306229 /* AddFoodDiaryViewController.swift */; };
		BCC76503261AEF0E00306229 /* AddBloodSugarDiaryViewController.swift in Sources */ = {isa = PBXBuildFile; fileRef = BCC76500261AEEEF00306229 /* AddBloodSugarDiaryViewController.swift */; };
		BCC76506261AEF4F00306229 /* AddMedicineDiaryViewController.swift in Sources */ = {isa = PBXBuildFile; fileRef = BCC76505261AEF4700306229 /* AddMedicineDiaryViewController.swift */; };
		BCC7CD1A260B098D009A7837 /* Colors.xcassets in Resources */ = {isa = PBXBuildFile; fileRef = BCC7CD19260B098D009A7837 /* Colors.xcassets */; };
		BCCDCFB3261484D900602352 /* samplefonts in Resources */ = {isa = PBXBuildFile; fileRef = BCCDCFAF261484D500602352 /* samplefonts */; };
		BCCDCFB4261484D900602352 /* samplesound in Resources */ = {isa = PBXBuildFile; fileRef = BCCDCFB1261484D600602352 /* samplesound */; };
		BCCDCFBD2614850400602352 /* library in Resources */ = {isa = PBXBuildFile; fileRef = BCCDCFB9261484F300602352 /* library */; };
		BCCDCFBF2614850700602352 /* sampleentities in Resources */ = {isa = PBXBuildFile; fileRef = BCCDCFB6261484DC00602352 /* sampleentities */; };
		BCCDCFC02614850700602352 /* repositories in Resources */ = {isa = PBXBuildFile; fileRef = BCCDCFB7261484DE00602352 /* repositories */; };
		BCCDCFC42614851900602352 /* localization in Resources */ = {isa = PBXBuildFile; fileRef = BCCDCFC22614851300602352 /* localization */; };
		BCDE8A2D260DFA0200E5E193 /* food.json in Resources */ = {isa = PBXBuildFile; fileRef = BCDE8A2C260DFA0200E5E193 /* food.json */; };
		BCDE8A36260E02EE00E5E193 /* UIColor+Extension.swift in Sources */ = {isa = PBXBuildFile; fileRef = BCDE8A35260E02EE00E5E193 /* UIColor+Extension.swift */; };
		BCDE8A3B260E07A800E5E193 /* UIImage+Extension.swift in Sources */ = {isa = PBXBuildFile; fileRef = BCDE8A3A260E07A800E5E193 /* UIImage+Extension.swift */; };
		D4370EE8261C37B500A690B9 /* EntryController.swift in Sources */ = {isa = PBXBuildFile; fileRef = D4370EE7261C37B500A690B9 /* EntryController.swift */; };
		D4C34D9F261C514D00CAC02B /* EntryDataTableCell.swift in Sources */ = {isa = PBXBuildFile; fileRef = D4C34D9E261C514D00CAC02B /* EntryDataTableCell.swift */; };
		D4C34DA2261C51B900CAC02B /* EntryDataTableCell.xib in Resources */ = {isa = PBXBuildFile; fileRef = D4C34DA1261C51B900CAC02B /* EntryDataTableCell.xib */; };
		F700649B26185E0200300E70 /* FoodIntakeDetailViewController.swift in Sources */ = {isa = PBXBuildFile; fileRef = F700649A26185E0200300E70 /* FoodIntakeDetailViewController.swift */; };
		F70064A126185E2B00300E70 /* FoodIntakeDetailTableCell.swift in Sources */ = {isa = PBXBuildFile; fileRef = F700649F26185E2B00300E70 /* FoodIntakeDetailTableCell.swift */; };
		F70064A226185E2B00300E70 /* FoodIntakeDetailTableCell.xib in Resources */ = {isa = PBXBuildFile; fileRef = F70064A026185E2B00300E70 /* FoodIntakeDetailTableCell.xib */; };
		F70F8554261779D0009FED50 /* SFProText-Regular.ttf in Resources */ = {isa = PBXBuildFile; fileRef = F70F8553261779D0009FED50 /* SFProText-Regular.ttf */; };
		F70F855A26177E15009FED50 /* BloodSugarDataViewController.swift in Sources */ = {isa = PBXBuildFile; fileRef = F70F855926177E15009FED50 /* BloodSugarDataViewController.swift */; };
		F70F855E26177E99009FED50 /* BloodSugarDataTableCell.swift in Sources */ = {isa = PBXBuildFile; fileRef = F70F855C26177E99009FED50 /* BloodSugarDataTableCell.swift */; };
		F70F855F26177E99009FED50 /* BloodSugarDataTableCell.xib in Resources */ = {isa = PBXBuildFile; fileRef = F70F855D26177E99009FED50 /* BloodSugarDataTableCell.xib */; };
		F75FEB76261998D60091702D /* CalculatedFoodTableCell.swift in Sources */ = {isa = PBXBuildFile; fileRef = F75FEB75261998D60091702D /* CalculatedFoodTableCell.swift */; };
		F7E9CCA62619FBD700497E13 /* MedicineDiaryViewController.swift in Sources */ = {isa = PBXBuildFile; fileRef = F7E9CCA52619FBD700497E13 /* MedicineDiaryViewController.swift */; };
		F7E9CCB22619FC6000497E13 /* EmptyTableCell.swift in Sources */ = {isa = PBXBuildFile; fileRef = F7E9CCB02619FC6000497E13 /* EmptyTableCell.swift */; };
		F7E9CCB32619FC6000497E13 /* EmptyTableCell.xib in Resources */ = {isa = PBXBuildFile; fileRef = F7E9CCB12619FC6000497E13 /* EmptyTableCell.xib */; };
/* End PBXBuildFile section */

/* Begin PBXFileReference section */
		30E2EC2C261C93C9008F3508 /* AddBloodSugarTableCell.swift */ = {isa = PBXFileReference; lastKnownFileType = sourcecode.swift; path = AddBloodSugarTableCell.swift; sourceTree = "<group>"; };
		30E2EC33261CA15D008F3508 /* AddBloodSugarCategoryTableCell.swift */ = {isa = PBXFileReference; lastKnownFileType = sourcecode.swift; path = AddBloodSugarCategoryTableCell.swift; sourceTree = "<group>"; };
		BC560ECE261B6D44009A9A7E /* BarChart.swift */ = {isa = PBXFileReference; lastKnownFileType = sourcecode.swift; path = BarChart.swift; sourceTree = "<group>"; };
		BC560ED1261B6D5B009A9A7E /* BarChartEntry.swift */ = {isa = PBXFileReference; lastKnownFileType = sourcecode.swift; path = BarChartEntry.swift; sourceTree = "<group>"; };
		BC560ED6261B6DB7009A9A7E /* UIBezierPath+Extension.swift */ = {isa = PBXFileReference; lastKnownFileType = sourcecode.swift; path = "UIBezierPath+Extension.swift"; sourceTree = "<group>"; };
		BC560ED9261B6DC2009A9A7E /* CALayer+Extension.swift */ = {isa = PBXFileReference; lastKnownFileType = sourcecode.swift; path = "CALayer+Extension.swift"; sourceTree = "<group>"; };
		BC560EDC261B6DCF009A9A7E /* Array+Extension.swift */ = {isa = PBXFileReference; lastKnownFileType = sourcecode.swift; path = "Array+Extension.swift"; sourceTree = "<group>"; };
		BC560EDF261B6E07009A9A7E /* BarChartPresenter.swift */ = {isa = PBXFileReference; lastKnownFileType = sourcecode.swift; path = BarChartPresenter.swift; sourceTree = "<group>"; };
		BC68A5CD260B09040007F846 /* Diabestie.app */ = {isa = PBXFileReference; explicitFileType = wrapper.application; includeInIndex = 0; path = Diabestie.app; sourceTree = BUILT_PRODUCTS_DIR; };
		BC68A5D0260B09040007F846 /* AppDelegate.swift */ = {isa = PBXFileReference; lastKnownFileType = sourcecode.swift; path = AppDelegate.swift; sourceTree = "<group>"; };
		BC68A5D2260B09040007F846 /* SceneDelegate.swift */ = {isa = PBXFileReference; lastKnownFileType = sourcecode.swift; path = SceneDelegate.swift; sourceTree = "<group>"; };
		BC68A5D7260B09040007F846 /* Base */ = {isa = PBXFileReference; lastKnownFileType = file.storyboard; name = Base; path = Base.lproj/Main.storyboard; sourceTree = "<group>"; };
		BC68A5DA260B09040007F846 /* Diabestie.xcdatamodel */ = {isa = PBXFileReference; lastKnownFileType = wrapper.xcdatamodel; path = Diabestie.xcdatamodel; sourceTree = "<group>"; };
		BC68A5DC260B09050007F846 /* Assets.xcassets */ = {isa = PBXFileReference; lastKnownFileType = folder.assetcatalog; path = Assets.xcassets; sourceTree = "<group>"; };
		BC68A5DF260B09050007F846 /* Base */ = {isa = PBXFileReference; lastKnownFileType = file.storyboard; name = Base; path = Base.lproj/LaunchScreen.storyboard; sourceTree = "<group>"; };
		BC68A5E1260B09050007F846 /* Info.plist */ = {isa = PBXFileReference; lastKnownFileType = text.plist.xml; path = Info.plist; sourceTree = "<group>"; };
		BC6F4FBD261580D600643603 /* UIView+Extension.swift */ = {isa = PBXFileReference; lastKnownFileType = sourcecode.swift; path = "UIView+Extension.swift"; sourceTree = "<group>"; };
		BC6F4FC52615833100643603 /* BloodSugarTableCell.swift */ = {isa = PBXFileReference; lastKnownFileType = sourcecode.swift; path = BloodSugarTableCell.swift; sourceTree = "<group>"; };
		BC6F4FC82615834100643603 /* FoodTableCell.swift */ = {isa = PBXFileReference; lastKnownFileType = sourcecode.swift; path = FoodTableCell.swift; sourceTree = "<group>"; };
		BC6F4FCB2615834E00643603 /* MedicineTableCell.swift */ = {isa = PBXFileReference; lastKnownFileType = sourcecode.swift; path = MedicineTableCell.swift; sourceTree = "<group>"; };
		BC6F4FCE2615835500643603 /* AddDiaryTableCell copy.swift */ = {isa = PBXFileReference; lastKnownFileType = sourcecode.swift; path = "AddDiaryTableCell copy.swift"; sourceTree = "<group>"; };
		BC6F4FD22615836C00643603 /* DiaryHistoryTableCell.swift */ = {isa = PBXFileReference; lastKnownFileType = sourcecode.swift; path = DiaryHistoryTableCell.swift; sourceTree = "<group>"; };
		BC6F4FD52615838400643603 /* HighlightTableCell.swift */ = {isa = PBXFileReference; lastKnownFileType = sourcecode.swift; path = HighlightTableCell.swift; sourceTree = "<group>"; };
		BC87DEFC261AE1EE00E39A59 /* Entry.storyboard */ = {isa = PBXFileReference; lastKnownFileType = file.storyboard; path = Entry.storyboard; sourceTree = "<group>"; };
		BC87DF00261AE22100E39A59 /* MedicineEntry.storyboard */ = {isa = PBXFileReference; lastKnownFileType = file.storyboard; path = MedicineEntry.storyboard; sourceTree = "<group>"; };
		BC87DF03261AE22A00E39A59 /* FoodEntry.storyboard */ = {isa = PBXFileReference; lastKnownFileType = file.storyboard; name = FoodEntry.storyboard; path = Diabestie/Resources/Storyboards/Entry/FoodEntry.storyboard; sourceTree = SOURCE_ROOT; };
		BC87DF08261AE23700E39A59 /* BloodSugarEntry.storyboard */ = {isa = PBXFileReference; lastKnownFileType = file.storyboard; path = BloodSugarEntry.storyboard; sourceTree = "<group>"; };
		BC87DF0B261AE26500E39A59 /* BloodSugarDetail.storyboard */ = {isa = PBXFileReference; lastKnownFileType = file.storyboard; path = BloodSugarDetail.storyboard; sourceTree = "<group>"; };
		BC87DF0E261AE28900E39A59 /* FoodDetail.storyboard */ = {isa = PBXFileReference; lastKnownFileType = file.storyboard; path = FoodDetail.storyboard; sourceTree = "<group>"; };
		BC87DF11261AE29700E39A59 /* MedicineDetail.storyboard */ = {isa = PBXFileReference; lastKnownFileType = file.storyboard; path = MedicineDetail.storyboard; sourceTree = "<group>"; };
		BC8832742615B7CE003CC151 /* HistoryViewController.swift */ = {isa = PBXFileReference; lastKnownFileType = sourcecode.swift; path = HistoryViewController.swift; sourceTree = "<group>"; };
		BC8832782615BBDB003CC151 /* HorizontalCalendar.swift */ = {isa = PBXFileReference; lastKnownFileType = sourcecode.swift; path = HorizontalCalendar.swift; sourceTree = "<group>"; };
		BC88327B2615BC09003CC151 /* Date+Extension.swift */ = {isa = PBXFileReference; lastKnownFileType = sourcecode.swift; path = "Date+Extension.swift"; sourceTree = "<group>"; };
		BCB77130261C463E00255805 /* Int+Extension.swift */ = {isa = PBXFileReference; lastKnownFileType = sourcecode.swift; path = "Int+Extension.swift"; sourceTree = "<group>"; };
		BCB7713A261C5EF600255805 /* BloodSugarChartCell.swift */ = {isa = PBXFileReference; lastKnownFileType = sourcecode.swift; path = BloodSugarChartCell.swift; sourceTree = "<group>"; };
		BCB7713E261C641F00255805 /* BloodSugarThresholdCell.swift */ = {isa = PBXFileReference; lastKnownFileType = sourcecode.swift; path = BloodSugarThresholdCell.swift; sourceTree = "<group>"; };
		BCB77142261C64CE00255805 /* BloodSugarInfoCell.swift */ = {isa = PBXFileReference; lastKnownFileType = sourcecode.swift; path = BloodSugarInfoCell.swift; sourceTree = "<group>"; };
		BCB77146261C69FB00255805 /* BloodSugarOptionCell.swift */ = {isa = PBXFileReference; lastKnownFileType = sourcecode.swift; path = BloodSugarOptionCell.swift; sourceTree = "<group>"; };
		BCBBD00F2614855D008E56F4 /* Constants.swift */ = {isa = PBXFileReference; lastKnownFileType = sourcecode.swift; path = Constants.swift; sourceTree = "<group>"; };
		BCBBD01626148698008E56F4 /* NotificationCenter+Delegate.swift */ = {isa = PBXFileReference; lastKnownFileType = sourcecode.swift; path = "NotificationCenter+Delegate.swift"; sourceTree = "<group>"; };
		BCBBD01A261486AD008E56F4 /* WatchOS+Extension.swift */ = {isa = PBXFileReference; lastKnownFileType = sourcecode.swift; path = "WatchOS+Extension.swift"; sourceTree = "<group>"; };
		BCC764CA261AEA6500306229 /* BloodSugarViewController.swift */ = {isa = PBXFileReference; lastKnownFileType = sourcecode.swift; path = BloodSugarViewController.swift; sourceTree = "<group>"; };
		BCC764CD261AEA7500306229 /* BloodSugarSelectDateVC.swift */ = {isa = PBXFileReference; lastKnownFileType = sourcecode.swift; path = BloodSugarSelectDateVC.swift; sourceTree = "<group>"; };
		BCC764D4261AEC6700306229 /* BloodSugarLevelGoalVC.swift */ = {isa = PBXFileReference; lastKnownFileType = sourcecode.swift; path = BloodSugarLevelGoalVC.swift; sourceTree = "<group>"; };
		BCC764DE261AECE200306229 /* FoodIntakeDataViewController.swift */ = {isa = PBXFileReference; lastKnownFileType = sourcecode.swift; path = FoodIntakeDataViewController.swift; sourceTree = "<group>"; };
		BCC764E3261AECFF00306229 /* FoodIntakeViewController.swift */ = {isa = PBXFileReference; lastKnownFileType = sourcecode.swift; path = FoodIntakeViewController.swift; sourceTree = "<group>"; };
		BCC764E9261AED6F00306229 /* MedicineIntakeViewController.swift */ = {isa = PBXFileReference; lastKnownFileType = sourcecode.swift; path = MedicineIntakeViewController.swift; sourceTree = "<group>"; };
		BCC764EA261AED6F00306229 /* MedicineIntakeDataViewController.swift */ = {isa = PBXFileReference; lastKnownFileType = sourcecode.swift; path = MedicineIntakeDataViewController.swift; sourceTree = "<group>"; };
		BCC764EB261AED6F00306229 /* MedicineListViewController.swift */ = {isa = PBXFileReference; lastKnownFileType = sourcecode.swift; path = MedicineListViewController.swift; sourceTree = "<group>"; };
		BCC764EC261AEDBD00306229 /* MedicineCreateViewController.swift */ = {isa = PBXFileReference; lastKnownFileType = sourcecode.swift; path = MedicineCreateViewController.swift; sourceTree = "<group>"; };
		BCC764F3261AEE8500306229 /* SearchFoodViewController.swift */ = {isa = PBXFileReference; lastKnownFileType = sourcecode.swift; path = SearchFoodViewController.swift; sourceTree = "<group>"; };
		BCC764F6261AEE9800306229 /* AddFoodDiaryViewController.swift */ = {isa = PBXFileReference; lastKnownFileType = sourcecode.swift; path = AddFoodDiaryViewController.swift; sourceTree = "<group>"; };
		BCC76500261AEEEF00306229 /* AddBloodSugarDiaryViewController.swift */ = {isa = PBXFileReference; lastKnownFileType = sourcecode.swift; path = AddBloodSugarDiaryViewController.swift; sourceTree = "<group>"; };
		BCC76505261AEF4700306229 /* AddMedicineDiaryViewController.swift */ = {isa = PBXFileReference; lastKnownFileType = sourcecode.swift; path = AddMedicineDiaryViewController.swift; sourceTree = "<group>"; };
		BCC7CD19260B098D009A7837 /* Colors.xcassets */ = {isa = PBXFileReference; lastKnownFileType = folder.assetcatalog; path = Colors.xcassets; sourceTree = "<group>"; };
		BCCDCFA7261484B500602352 /* HomeViewController.swift */ = {isa = PBXFileReference; lastKnownFileType = sourcecode.swift; path = HomeViewController.swift; sourceTree = "<group>"; };
		BCCDCFAF261484D500602352 /* samplefonts */ = {isa = PBXFileReference; lastKnownFileType = text; path = samplefonts; sourceTree = "<group>"; };
		BCCDCFB1261484D600602352 /* samplesound */ = {isa = PBXFileReference; lastKnownFileType = text; path = samplesound; sourceTree = "<group>"; };
		BCCDCFB6261484DC00602352 /* sampleentities */ = {isa = PBXFileReference; lastKnownFileType = text; path = sampleentities; sourceTree = "<group>"; };
		BCCDCFB7261484DE00602352 /* repositories */ = {isa = PBXFileReference; lastKnownFileType = text; path = repositories; sourceTree = "<group>"; };
		BCCDCFB9261484F300602352 /* library */ = {isa = PBXFileReference; lastKnownFileType = text; path = library; sourceTree = "<group>"; };
		BCCDCFC22614851300602352 /* localization */ = {isa = PBXFileReference; lastKnownFileType = text; path = localization; sourceTree = "<group>"; };
		BCDE8A2C260DFA0200E5E193 /* food.json */ = {isa = PBXFileReference; lastKnownFileType = text.json; path = food.json; sourceTree = "<group>"; };
		BCDE8A35260E02EE00E5E193 /* UIColor+Extension.swift */ = {isa = PBXFileReference; fileEncoding = 4; lastKnownFileType = sourcecode.swift; path = "UIColor+Extension.swift"; sourceTree = "<group>"; };
		BCDE8A3A260E07A800E5E193 /* UIImage+Extension.swift */ = {isa = PBXFileReference; fileEncoding = 4; lastKnownFileType = sourcecode.swift; path = "UIImage+Extension.swift"; sourceTree = "<group>"; };
		D4370EE7261C37B500A690B9 /* EntryController.swift */ = {isa = PBXFileReference; lastKnownFileType = sourcecode.swift; path = EntryController.swift; sourceTree = "<group>"; };
		D4C34D9E261C514D00CAC02B /* EntryDataTableCell.swift */ = {isa = PBXFileReference; lastKnownFileType = sourcecode.swift; path = EntryDataTableCell.swift; sourceTree = "<group>"; };
		D4C34DA1261C51B900CAC02B /* EntryDataTableCell.xib */ = {isa = PBXFileReference; lastKnownFileType = file.xib; path = EntryDataTableCell.xib; sourceTree = "<group>"; };
		F700649A26185E0200300E70 /* FoodIntakeDetailViewController.swift */ = {isa = PBXFileReference; lastKnownFileType = sourcecode.swift; path = FoodIntakeDetailViewController.swift; sourceTree = "<group>"; };
		F700649F26185E2B00300E70 /* FoodIntakeDetailTableCell.swift */ = {isa = PBXFileReference; lastKnownFileType = sourcecode.swift; path = FoodIntakeDetailTableCell.swift; sourceTree = "<group>"; };
		F70064A026185E2B00300E70 /* FoodIntakeDetailTableCell.xib */ = {isa = PBXFileReference; lastKnownFileType = file.xib; path = FoodIntakeDetailTableCell.xib; sourceTree = "<group>"; };
		F70F8553261779D0009FED50 /* SFProText-Regular.ttf */ = {isa = PBXFileReference; lastKnownFileType = file; name = "SFProText-Regular.ttf"; path = "Diabestie/Resources/Fonts/SFProText-Regular.ttf"; sourceTree = SOURCE_ROOT; };
		F70F855926177E15009FED50 /* BloodSugarDataViewController.swift */ = {isa = PBXFileReference; lastKnownFileType = sourcecode.swift; path = BloodSugarDataViewController.swift; sourceTree = "<group>"; };
		F70F855C26177E99009FED50 /* BloodSugarDataTableCell.swift */ = {isa = PBXFileReference; lastKnownFileType = sourcecode.swift; path = BloodSugarDataTableCell.swift; sourceTree = "<group>"; };
		F70F855D26177E99009FED50 /* BloodSugarDataTableCell.xib */ = {isa = PBXFileReference; lastKnownFileType = file.xib; path = BloodSugarDataTableCell.xib; sourceTree = "<group>"; };
		F75FEB75261998D60091702D /* CalculatedFoodTableCell.swift */ = {isa = PBXFileReference; lastKnownFileType = sourcecode.swift; path = CalculatedFoodTableCell.swift; sourceTree = "<group>"; };
		F7E9CCA52619FBD700497E13 /* MedicineDiaryViewController.swift */ = {isa = PBXFileReference; lastKnownFileType = sourcecode.swift; path = MedicineDiaryViewController.swift; sourceTree = "<group>"; };
		F7E9CCB02619FC6000497E13 /* EmptyTableCell.swift */ = {isa = PBXFileReference; lastKnownFileType = sourcecode.swift; path = EmptyTableCell.swift; sourceTree = "<group>"; };
		F7E9CCB12619FC6000497E13 /* EmptyTableCell.xib */ = {isa = PBXFileReference; lastKnownFileType = file.xib; path = EmptyTableCell.xib; sourceTree = "<group>"; };
/* End PBXFileReference section */

/* Begin PBXFrameworksBuildPhase section */
		BC68A5CA260B09040007F846 /* Frameworks */ = {
			isa = PBXFrameworksBuildPhase;
			buildActionMask = 2147483647;
			files = (
			);
			runOnlyForDeploymentPostprocessing = 0;
		};
/* End PBXFrameworksBuildPhase section */

/* Begin PBXGroup section */
		30E2EC2F261C93CE008F3508 /* Table Cell */ = {
			isa = PBXGroup;
			children = (
				30E2EC2C261C93C9008F3508 /* AddBloodSugarTableCell.swift */,
				30E2EC33261CA15D008F3508 /* AddBloodSugarCategoryTableCell.swift */,
			);
			path = "Table Cell";
			sourceTree = "<group>";
		};
		BC560ED4261B6D60009A9A7E /* Chart */ = {
			isa = PBXGroup;
			children = (
				BC560ECE261B6D44009A9A7E /* BarChart.swift */,
				BC560ED1261B6D5B009A9A7E /* BarChartEntry.swift */,
				BC560EDF261B6E07009A9A7E /* BarChartPresenter.swift */,
			);
			path = Chart;
			sourceTree = "<group>";
		};
		BC68A5C4260B09040007F846 = {
			isa = PBXGroup;
			children = (
				BC68A5CF260B09040007F846 /* Diabestie */,
				BC68A5CE260B09040007F846 /* Products */,
			);
			sourceTree = "<group>";
		};
		BC68A5CE260B09040007F846 /* Products */ = {
			isa = PBXGroup;
			children = (
				BC68A5CD260B09040007F846 /* Diabestie.app */,
			);
			name = Products;
			sourceTree = "<group>";
		};
		BC68A5CF260B09040007F846 /* Diabestie */ = {
			isa = PBXGroup;
			children = (
				BCC7CD1F260B0A37009A7837 /* Application */,
				BCC7CD1E260B0A2E009A7837 /* Presentation */,
				BCC7CD1D260B0A28009A7837 /* Resources */,
				BCDE8A1E260DF74B00E5E193 /* Core */,
				BCC7CD29260B0AC8009A7837 /* Helpers */,
				BCDE8A23260DF82000E5E193 /* Supporting Files */,
				BC68A5E1260B09050007F846 /* Info.plist */,
			);
			path = Diabestie;
			sourceTree = "<group>";
		};
		BC6F4FC02615820200643603 /* Table Cell */ = {
			isa = PBXGroup;
			children = (
				BC6F4FCE2615835500643603 /* AddDiaryTableCell copy.swift */,
				BC6F4FC52615833100643603 /* BloodSugarTableCell.swift */,
				BC6F4FC82615834100643603 /* FoodTableCell.swift */,
				BC6F4FCB2615834E00643603 /* MedicineTableCell.swift */,
				BC6F4FD22615836C00643603 /* DiaryHistoryTableCell.swift */,
				BC6F4FD52615838400643603 /* HighlightTableCell.swift */,
			);
			path = "Table Cell";
			sourceTree = "<group>";
		};
		BC87DEF2261AE15B00E39A59 /* Home & History */ = {
			isa = PBXGroup;
			children = (
				BC68A5D6260B09040007F846 /* Main.storyboard */,
			);
			path = "Home & History";
			sourceTree = "<group>";
		};
		BC87DEF6261AE19500E39A59 /* Entry */ = {
			isa = PBXGroup;
			children = (
				BC87DF08261AE23700E39A59 /* BloodSugarEntry.storyboard */,
				BC87DF03261AE22A00E39A59 /* FoodEntry.storyboard */,
				BC87DF00261AE22100E39A59 /* MedicineEntry.storyboard */,
				BC87DEFC261AE1EE00E39A59 /* Entry.storyboard */,
			);
			path = Entry;
			sourceTree = "<group>";
		};
		BC87DEF7261AE19A00E39A59 /* Detail */ = {
			isa = PBXGroup;
			children = (
				BC87DF0B261AE26500E39A59 /* BloodSugarDetail.storyboard */,
				BC87DF0E261AE28900E39A59 /* FoodDetail.storyboard */,
				BC87DF11261AE29700E39A59 /* MedicineDetail.storyboard */,
			);
			path = Detail;
			sourceTree = "<group>";
		};
		BC8832732615B7B5003CC151 /* History */ = {
			isa = PBXGroup;
			children = (
				BC8832742615B7CE003CC151 /* HistoryViewController.swift */,
			);
			path = History;
			sourceTree = "<group>";
		};
		BCB77135261C5EAB00255805 /* Blood Sugar  */ = {
			isa = PBXGroup;
			children = (
				BCB7713E261C641F00255805 /* BloodSugarThresholdCell.swift */,
				BCB77146261C69FB00255805 /* BloodSugarOptionCell.swift */,
				BCB77142261C64CE00255805 /* BloodSugarInfoCell.swift */,
				BCB7713A261C5EF600255805 /* BloodSugarChartCell.swift */,
			);
			path = "Blood Sugar ";
			sourceTree = "<group>";
		};
		BCBBD01B261486B8008E56F4 /* WatchOS */ = {
			isa = PBXGroup;
			children = (
				BCBBD01A261486AD008E56F4 /* WatchOS+Extension.swift */,
			);
			path = WatchOS;
			sourceTree = "<group>";
		};
		BCC764B8261AE3B600306229 /* Home & History */ = {
			isa = PBXGroup;
			children = (
				BC8832732615B7B5003CC151 /* History */,
				BCC7CD22260B0A57009A7837 /* Home */,
			);
			path = "Home & History";
			sourceTree = "<group>";
		};
		BCC764B9261AE3C700306229 /* Detail */ = {
			isa = PBXGroup;
			children = (
				BCC764BF261AE40500306229 /* Blood Sugar */,
				BCC764C0261AE40D00306229 /* Food */,
				BCC764C1261AE41000306229 /* Medicine */,
			);
			path = Detail;
			sourceTree = "<group>";
		};
		BCC764BA261AE3CB00306229 /* Entry */ = {
			isa = PBXGroup;
			children = (
				BCC764BD261AE3E600306229 /* Blood Sugar */,
				BCC764BC261AE3DB00306229 /* Food */,
				BCC764BB261AE3D200306229 /* Medicine */,
				D4370EE7261C37B500A690B9 /* EntryController.swift */,
				D4C34D9E261C514D00CAC02B /* EntryDataTableCell.swift */,
				D4C34DA1261C51B900CAC02B /* EntryDataTableCell.xib */,
			);
			path = Entry;
			sourceTree = "<group>";
		};
		BCC764BB261AE3D200306229 /* Medicine */ = {
			isa = PBXGroup;
			children = (
				F7E9CCAE2619FC3A00497E13 /* TableCell */,
				F7E9CCA52619FBD700497E13 /* MedicineDiaryViewController.swift */,
				BCC76505261AEF4700306229 /* AddMedicineDiaryViewController.swift */,
			);
			path = Medicine;
			sourceTree = "<group>";
		};
		BCC764BC261AE3DB00306229 /* Food */ = {
			isa = PBXGroup;
			children = (
				BCC764F6261AEE9800306229 /* AddFoodDiaryViewController.swift */,
				BCC764F3261AEE8500306229 /* SearchFoodViewController.swift */,
			);
			path = Food;
			sourceTree = "<group>";
		};
		BCC764BD261AE3E600306229 /* Blood Sugar */ = {
			isa = PBXGroup;
			children = (
				30E2EC2F261C93CE008F3508 /* Table Cell */,
				BCC76500261AEEEF00306229 /* AddBloodSugarDiaryViewController.swift */,
			);
			path = "Blood Sugar";
			sourceTree = "<group>";
		};
		BCC764BF261AE40500306229 /* Blood Sugar */ = {
			isa = PBXGroup;
			children = (
				F70F855726177C1B009FED50 /* Table Cell */,
				BCC764CD261AEA7500306229 /* BloodSugarSelectDateVC.swift */,
				BCC764D4261AEC6700306229 /* BloodSugarLevelGoalVC.swift */,
				BCC764CA261AEA6500306229 /* BloodSugarViewController.swift */,
				F70F855926177E15009FED50 /* BloodSugarDataViewController.swift */,
			);
			path = "Blood Sugar";
			sourceTree = "<group>";
		};
		BCC764C0261AE40D00306229 /* Food */ = {
			isa = PBXGroup;
			children = (
				F700649E26185E0D00300E70 /* Table Cell */,
				BCC764E3261AECFF00306229 /* FoodIntakeViewController.swift */,
				BCC764DE261AECE200306229 /* FoodIntakeDataViewController.swift */,
				F700649A26185E0200300E70 /* FoodIntakeDetailViewController.swift */,
			);
			path = Food;
			sourceTree = "<group>";
		};
		BCC764C1261AE41000306229 /* Medicine */ = {
			isa = PBXGroup;
			children = (
				BCC764E9261AED6F00306229 /* MedicineIntakeViewController.swift */,
				BCC764EA261AED6F00306229 /* MedicineIntakeDataViewController.swift */,
				BCC764EC261AEDBD00306229 /* MedicineCreateViewController.swift */,
				BCC764EB261AED6F00306229 /* MedicineListViewController.swift */,
			);
			path = Medicine;
			sourceTree = "<group>";
		};
		BCC7CD1C260B0A16009A7837 /* Storyboards */ = {
			isa = PBXGroup;
			children = (
				BC87DEF2261AE15B00E39A59 /* Home & History */,
				BC87DEF7261AE19A00E39A59 /* Detail */,
				BC87DEF6261AE19500E39A59 /* Entry */,
				BC68A5DE260B09050007F846 /* LaunchScreen.storyboard */,
			);
			path = Storyboards;
			sourceTree = "<group>";
		};
		BCC7CD1D260B0A28009A7837 /* Resources */ = {
			isa = PBXGroup;
			children = (
				BCC7CD1C260B0A16009A7837 /* Storyboards */,
				BCC7CD2B260B0AEA009A7837 /* Sounds */,
				BCC7CD28260B0ABC009A7837 /* Fonts */,
				BC68A5DC260B09050007F846 /* Assets.xcassets */,
				BCC7CD19260B098D009A7837 /* Colors.xcassets */,
			);
			path = Resources;
			sourceTree = "<group>";
		};
		BCC7CD1E260B0A2E009A7837 /* Presentation */ = {
			isa = PBXGroup;
			children = (
				BCC764B8261AE3B600306229 /* Home & History */,
				BCC764B9261AE3C700306229 /* Detail */,
				BCC764BA261AE3CB00306229 /* Entry */,
			);
			path = Presentation;
			sourceTree = "<group>";
		};
		BCC7CD1F260B0A37009A7837 /* Application */ = {
			isa = PBXGroup;
			children = (
				BCDE8A29260DF8B200E5E193 /* Notification Center */,
				BCDE8A27260DF85E00E5E193 /* App Extension */,
				BC68A5D0260B09040007F846 /* AppDelegate.swift */,
				BC68A5D2260B09040007F846 /* SceneDelegate.swift */,
			);
			path = Application;
			sourceTree = "<group>";
		};
		BCC7CD22260B0A57009A7837 /* Home */ = {
			isa = PBXGroup;
			children = (
				BC6F4FC02615820200643603 /* Table Cell */,
				BCCDCFA7261484B500602352 /* HomeViewController.swift */,
			);
			path = Home;
			sourceTree = "<group>";
		};
		BCC7CD28260B0ABC009A7837 /* Fonts */ = {
			isa = PBXGroup;
			children = (
				F70F8553261779D0009FED50 /* SFProText-Regular.ttf */,
				BCCDCFAF261484D500602352 /* samplefonts */,
			);
			path = Fonts;
			sourceTree = "<group>";
		};
		BCC7CD29260B0AC8009A7837 /* Helpers */ = {
			isa = PBXGroup;
			children = (
				BCDE8A20260DF76B00E5E193 /* Libraries */,
				BCC7CD2D260B0B14009A7837 /* Constants */,
				BCC7CD2C260B0B0D009A7837 /* Extensions */,
			);
			path = Helpers;
			sourceTree = "<group>";
		};
		BCC7CD2A260B0ADD009A7837 /* Repositories */ = {
			isa = PBXGroup;
			children = (
				BCCDCFB7261484DE00602352 /* repositories */,
			);
			path = Repositories;
			sourceTree = "<group>";
		};
		BCC7CD2B260B0AEA009A7837 /* Sounds */ = {
			isa = PBXGroup;
			children = (
				BCCDCFB1261484D600602352 /* samplesound */,
			);
			path = Sounds;
			sourceTree = "<group>";
		};
		BCC7CD2C260B0B0D009A7837 /* Extensions */ = {
			isa = PBXGroup;
			children = (
				BCDE8A3A260E07A800E5E193 /* UIImage+Extension.swift */,
				BCDE8A35260E02EE00E5E193 /* UIColor+Extension.swift */,
				BC6F4FBD261580D600643603 /* UIView+Extension.swift */,
				BC88327B2615BC09003CC151 /* Date+Extension.swift */,
				BC560ED6261B6DB7009A9A7E /* UIBezierPath+Extension.swift */,
				BC560ED9261B6DC2009A9A7E /* CALayer+Extension.swift */,
				BC560EDC261B6DCF009A9A7E /* Array+Extension.swift */,
				BCB77130261C463E00255805 /* Int+Extension.swift */,
			);
			path = Extensions;
			sourceTree = "<group>";
		};
		BCC7CD2D260B0B14009A7837 /* Constants */ = {
			isa = PBXGroup;
			children = (
				BCBBD00F2614855D008E56F4 /* Constants.swift */,
			);
			path = Constants;
			sourceTree = "<group>";
		};
		BCC7CD2E260B0B55009A7837 /* Mock Data */ = {
			isa = PBXGroup;
			children = (
				BCDE8A2C260DFA0200E5E193 /* food.json */,
			);
			path = "Mock Data";
			sourceTree = "<group>";
		};
		BCDE8A1E260DF74B00E5E193 /* Core */ = {
			isa = PBXGroup;
			children = (
				BCDE8A25260DF84300E5E193 /* Entities */,
				BCC7CD2A260B0ADD009A7837 /* Repositories */,
				BCC7CD2E260B0B55009A7837 /* Mock Data */,
				BC68A5D9260B09040007F846 /* Diabestie.xcdatamodeld */,
			);
			path = Core;
			sourceTree = "<group>";
		};
		BCDE8A20260DF76B00E5E193 /* Libraries */ = {
			isa = PBXGroup;
			children = (
				BC560ED4261B6D60009A9A7E /* Chart */,
				BCCDCFB9261484F300602352 /* library */,
				BC8832782615BBDB003CC151 /* HorizontalCalendar.swift */,
			);
			path = Libraries;
			sourceTree = "<group>";
		};
		BCDE8A23260DF82000E5E193 /* Supporting Files */ = {
			isa = PBXGroup;
			children = (
				BCDE8A24260DF83200E5E193 /* Localization */,
			);
			path = "Supporting Files";
			sourceTree = "<group>";
		};
		BCDE8A24260DF83200E5E193 /* Localization */ = {
			isa = PBXGroup;
			children = (
				BCCDCFC22614851300602352 /* localization */,
			);
			path = Localization;
			sourceTree = "<group>";
		};
		BCDE8A25260DF84300E5E193 /* Entities */ = {
			isa = PBXGroup;
			children = (
				BCCDCFB6261484DC00602352 /* sampleentities */,
			);
			path = Entities;
			sourceTree = "<group>";
		};
		BCDE8A27260DF85E00E5E193 /* App Extension */ = {
			isa = PBXGroup;
			children = (
				BCBBD01B261486B8008E56F4 /* WatchOS */,
			);
			path = "App Extension";
			sourceTree = "<group>";
		};
		BCDE8A29260DF8B200E5E193 /* Notification Center */ = {
			isa = PBXGroup;
			children = (
				BCBBD01626148698008E56F4 /* NotificationCenter+Delegate.swift */,
			);
			path = "Notification Center";
			sourceTree = "<group>";
		};
		F700649E26185E0D00300E70 /* Table Cell */ = {
			isa = PBXGroup;
			children = (
				F700649F26185E2B00300E70 /* FoodIntakeDetailTableCell.swift */,
				F70064A026185E2B00300E70 /* FoodIntakeDetailTableCell.xib */,
				F75FEB75261998D60091702D /* CalculatedFoodTableCell.swift */,
			);
			path = "Table Cell";
			sourceTree = "<group>";
		};
		F70F855726177C1B009FED50 /* Table Cell */ = {
			isa = PBXGroup;
			children = (
				BCB77135261C5EAB00255805 /* Blood Sugar  */,
				F70F855C26177E99009FED50 /* BloodSugarDataTableCell.swift */,
				F70F855D26177E99009FED50 /* BloodSugarDataTableCell.xib */,
			);
			path = "Table Cell";
			sourceTree = "<group>";
		};
		F7E9CCAE2619FC3A00497E13 /* TableCell */ = {
			isa = PBXGroup;
			children = (
				F7E9CCB02619FC6000497E13 /* EmptyTableCell.swift */,
				F7E9CCB12619FC6000497E13 /* EmptyTableCell.xib */,
			);
			path = TableCell;
			sourceTree = "<group>";
		};
/* End PBXGroup section */

/* Begin PBXNativeTarget section */
		BC68A5CC260B09040007F846 /* Diabestie */ = {
			isa = PBXNativeTarget;
			buildConfigurationList = BC68A5E4260B09050007F846 /* Build configuration list for PBXNativeTarget "Diabestie" */;
			buildPhases = (
				BC68A5C9260B09040007F846 /* Sources */,
				BC68A5CA260B09040007F846 /* Frameworks */,
				BC68A5CB260B09040007F846 /* Resources */,
				BC3E8FA0260B0F9F00B69440 /* ShellScript */,
			);
			buildRules = (
			);
			dependencies = (
			);
			name = Diabestie;
			productName = Diabestie;
			productReference = BC68A5CD260B09040007F846 /* Diabestie.app */;
			productType = "com.apple.product-type.application";
		};
/* End PBXNativeTarget section */

/* Begin PBXProject section */
		BC68A5C5260B09040007F846 /* Project object */ = {
			isa = PBXProject;
			attributes = {
				LastSwiftUpdateCheck = 1240;
				LastUpgradeCheck = 1240;
				TargetAttributes = {
					BC68A5CC260B09040007F846 = {
						CreatedOnToolsVersion = 12.4;
					};
				};
			};
			buildConfigurationList = BC68A5C8260B09040007F846 /* Build configuration list for PBXProject "Diabestie" */;
			compatibilityVersion = "Xcode 9.3";
			developmentRegion = en;
			hasScannedForEncodings = 0;
			knownRegions = (
				en,
				Base,
			);
			mainGroup = BC68A5C4260B09040007F846;
			productRefGroup = BC68A5CE260B09040007F846 /* Products */;
			projectDirPath = "";
			projectRoot = "";
			targets = (
				BC68A5CC260B09040007F846 /* Diabestie */,
			);
		};
/* End PBXProject section */

/* Begin PBXResourcesBuildPhase section */
		BC68A5CB260B09040007F846 /* Resources */ = {
			isa = PBXResourcesBuildPhase;
			buildActionMask = 2147483647;
			files = (
				F70064A226185E2B00300E70 /* FoodIntakeDetailTableCell.xib in Resources */,
				BC68A5E0260B09050007F846 /* LaunchScreen.storyboard in Resources */,
				F70F855F26177E99009FED50 /* BloodSugarDataTableCell.xib in Resources */,
				BCCDCFB3261484D900602352 /* samplefonts in Resources */,
				BC87DF01261AE22100E39A59 /* MedicineEntry.storyboard in Resources */,
				BCCDCFC42614851900602352 /* localization in Resources */,
				BCC7CD1A260B098D009A7837 /* Colors.xcassets in Resources */,
				F70F8554261779D0009FED50 /* SFProText-Regular.ttf in Resources */,
				D4C34DA2261C51B900CAC02B /* EntryDataTableCell.xib in Resources */,
				BCCDCFC02614850700602352 /* repositories in Resources */,
				BCCDCFBD2614850400602352 /* library in Resources */,
				F7E9CCB32619FC6000497E13 /* EmptyTableCell.xib in Resources */,
				BC87DF12261AE29700E39A59 /* MedicineDetail.storyboard in Resources */,
				BCCDCFB4261484D900602352 /* samplesound in Resources */,
				BCDE8A2D260DFA0200E5E193 /* food.json in Resources */,
				BC68A5DD260B09050007F846 /* Assets.xcassets in Resources */,
				BC87DF04261AE22A00E39A59 /* FoodEntry.storyboard in Resources */,
				BC68A5D8260B09040007F846 /* Main.storyboard in Resources */,
				BC87DEFD261AE1EE00E39A59 /* Entry.storyboard in Resources */,
				BC87DF0C261AE26500E39A59 /* BloodSugarDetail.storyboard in Resources */,
				BC87DF09261AE23700E39A59 /* BloodSugarEntry.storyboard in Resources */,
				BCCDCFBF2614850700602352 /* sampleentities in Resources */,
				BC87DF0F261AE28900E39A59 /* FoodDetail.storyboard in Resources */,
			);
			runOnlyForDeploymentPostprocessing = 0;
		};
/* End PBXResourcesBuildPhase section */

/* Begin PBXShellScriptBuildPhase section */
		BC3E8FA0260B0F9F00B69440 /* ShellScript */ = {
			isa = PBXShellScriptBuildPhase;
			buildActionMask = 12;
			files = (
			);
			inputFileListPaths = (
			);
			inputPaths = (
			);
			outputFileListPaths = (
			);
			outputPaths = (
			);
			runOnlyForDeploymentPostprocessing = 0;
			shellPath = /bin/sh;
			shellScript = "if which swiftlint >/dev/null; then\n  #swiftlint\n  exit 0\nelse\n  echo \"warning: SwiftLint not installed, download from https://github.com/realm/SwiftLint\"\nfi\n";
		};
/* End PBXShellScriptBuildPhase section */

/* Begin PBXSourcesBuildPhase section */
		BC68A5C9260B09040007F846 /* Sources */ = {
			isa = PBXSourcesBuildPhase;
			buildActionMask = 2147483647;
			files = (
				D4370EE8261C37B500A690B9 /* EntryController.swift in Sources */,
				BCC764F1261AEE3F00306229 /* MedicineIntakeDataViewController.swift in Sources */,
				BC68A5DB260B09040007F846 /* Diabestie.xcdatamodeld in Sources */,
				F75FEB76261998D60091702D /* CalculatedFoodTableCell.swift in Sources */,
				BC6F4FC92615834100643603 /* FoodTableCell.swift in Sources */,
				BC6F4FD62615838400643603 /* HighlightTableCell.swift in Sources */,
				BCC764E4261AECFF00306229 /* FoodIntakeViewController.swift in Sources */,
				BCC764DF261AECE200306229 /* FoodIntakeDataViewController.swift in Sources */,
				BC560ECF261B6D44009A9A7E /* BarChart.swift in Sources */,
				BCC76503261AEF0E00306229 /* AddBloodSugarDiaryViewController.swift in Sources */,
				BCC76506261AEF4F00306229 /* AddMedicineDiaryViewController.swift in Sources */,
				BC6F4FCF2615835500643603 /* AddDiaryTableCell copy.swift in Sources */,
				30E2EC2D261C93C9008F3508 /* AddBloodSugarTableCell.swift in Sources */,
				BC560ED7261B6DB7009A9A7E /* UIBezierPath+Extension.swift in Sources */,
				F70064A126185E2B00300E70 /* FoodIntakeDetailTableCell.swift in Sources */,
				BCC764EF261AEE3F00306229 /* MedicineListViewController.swift in Sources */,
				BC68A5D1260B09040007F846 /* AppDelegate.swift in Sources */,
				F7E9CCB22619FC6000497E13 /* EmptyTableCell.swift in Sources */,
				BC560ED2261B6D5B009A9A7E /* BarChartEntry.swift in Sources */,
				BCBBD01726148698008E56F4 /* NotificationCenter+Delegate.swift in Sources */,
				BCDE8A3B260E07A800E5E193 /* UIImage+Extension.swift in Sources */,
				BC6F4FC62615833100643603 /* BloodSugarTableCell.swift in Sources */,
				BCB7713B261C5EF600255805 /* BloodSugarChartCell.swift in Sources */,
				BC6F4FB9261573E800643603 /* HomeViewController.swift in Sources */,
				BCC764CB261AEA6500306229 /* BloodSugarViewController.swift in Sources */,
				F70F855A26177E15009FED50 /* BloodSugarDataViewController.swift in Sources */,
				BC560EDA261B6DC2009A9A7E /* CALayer+Extension.swift in Sources */,
				BCBBD0102614855D008E56F4 /* Constants.swift in Sources */,
				D4C34D9F261C514D00CAC02B /* EntryDataTableCell.swift in Sources */,
				BC6F4FCC2615834E00643603 /* MedicineTableCell.swift in Sources */,
				BCC764D5261AEC6700306229 /* BloodSugarLevelGoalVC.swift in Sources */,
				30E2EC34261CA15D008F3508 /* AddBloodSugarCategoryTableCell.swift in Sources */,
				BC68A5D3260B09040007F846 /* SceneDelegate.swift in Sources */,
				F7E9CCA62619FBD700497E13 /* MedicineDiaryViewController.swift in Sources */,
				BC560EE0261B6E07009A9A7E /* BarChartPresenter.swift in Sources */,
				BCB77131261C463E00255805 /* Int+Extension.swift in Sources */,
				BCC764CE261AEA7500306229 /* BloodSugarSelectDateVC.swift in Sources */,
				BC6F4FBE261580D600643603 /* UIView+Extension.swift in Sources */,
				BCB77147261C69FB00255805 /* BloodSugarOptionCell.swift in Sources */,
				BCC764EE261AEE3F00306229 /* MedicineIntakeViewController.swift in Sources */,
				BCB77143261C64CE00255805 /* BloodSugarInfoCell.swift in Sources */,
				F700649B26185E0200300E70 /* FoodIntakeDetailViewController.swift in Sources */,
				BCC764F4261AEE8500306229 /* SearchFoodViewController.swift in Sources */,
				BCC764F7261AEE9800306229 /* AddFoodDiaryViewController.swift in Sources */,
				BCB7713F261C642000255805 /* BloodSugarThresholdCell.swift in Sources */,
				BCDE8A36260E02EE00E5E193 /* UIColor+Extension.swift in Sources */,
				BC8832792615BBDB003CC151 /* HorizontalCalendar.swift in Sources */,
				BC560EDD261B6DCF009A9A7E /* Array+Extension.swift in Sources */,
				BC8832752615B7CE003CC151 /* HistoryViewController.swift in Sources */,
				BC88327C2615BC09003CC151 /* Date+Extension.swift in Sources */,
				F70F855E26177E99009FED50 /* BloodSugarDataTableCell.swift in Sources */,
				BC6F4FD32615836C00643603 /* DiaryHistoryTableCell.swift in Sources */,
				BCC764F0261AEE3F00306229 /* MedicineCreateViewController.swift in Sources */,
			);
			runOnlyForDeploymentPostprocessing = 0;
		};
/* End PBXSourcesBuildPhase section */

/* Begin PBXVariantGroup section */
		BC68A5D6260B09040007F846 /* Main.storyboard */ = {
			isa = PBXVariantGroup;
			children = (
				BC68A5D7260B09040007F846 /* Base */,
			);
			name = Main.storyboard;
			sourceTree = "<group>";
		};
		BC68A5DE260B09050007F846 /* LaunchScreen.storyboard */ = {
			isa = PBXVariantGroup;
			children = (
				BC68A5DF260B09050007F846 /* Base */,
			);
			name = LaunchScreen.storyboard;
			sourceTree = "<group>";
		};
/* End PBXVariantGroup section */

/* Begin XCBuildConfiguration section */
		BC68A5E2260B09050007F846 /* Debug */ = {
			isa = XCBuildConfiguration;
			buildSettings = {
				ALWAYS_SEARCH_USER_PATHS = NO;
				CLANG_ANALYZER_NONNULL = YES;
				CLANG_ANALYZER_NUMBER_OBJECT_CONVERSION = YES_AGGRESSIVE;
				CLANG_CXX_LANGUAGE_STANDARD = "gnu++14";
				CLANG_CXX_LIBRARY = "libc++";
				CLANG_ENABLE_MODULES = YES;
				CLANG_ENABLE_OBJC_ARC = YES;
				CLANG_ENABLE_OBJC_WEAK = YES;
				CLANG_WARN_BLOCK_CAPTURE_AUTORELEASING = YES;
				CLANG_WARN_BOOL_CONVERSION = YES;
				CLANG_WARN_COMMA = YES;
				CLANG_WARN_CONSTANT_CONVERSION = YES;
				CLANG_WARN_DEPRECATED_OBJC_IMPLEMENTATIONS = YES;
				CLANG_WARN_DIRECT_OBJC_ISA_USAGE = YES_ERROR;
				CLANG_WARN_DOCUMENTATION_COMMENTS = YES;
				CLANG_WARN_EMPTY_BODY = YES;
				CLANG_WARN_ENUM_CONVERSION = YES;
				CLANG_WARN_INFINITE_RECURSION = YES;
				CLANG_WARN_INT_CONVERSION = YES;
				CLANG_WARN_NON_LITERAL_NULL_CONVERSION = YES;
				CLANG_WARN_OBJC_IMPLICIT_RETAIN_SELF = YES;
				CLANG_WARN_OBJC_LITERAL_CONVERSION = YES;
				CLANG_WARN_OBJC_ROOT_CLASS = YES_ERROR;
				CLANG_WARN_QUOTED_INCLUDE_IN_FRAMEWORK_HEADER = YES;
				CLANG_WARN_RANGE_LOOP_ANALYSIS = YES;
				CLANG_WARN_STRICT_PROTOTYPES = YES;
				CLANG_WARN_SUSPICIOUS_MOVE = YES;
				CLANG_WARN_UNGUARDED_AVAILABILITY = YES_AGGRESSIVE;
				CLANG_WARN_UNREACHABLE_CODE = YES;
				CLANG_WARN__DUPLICATE_METHOD_MATCH = YES;
				COPY_PHASE_STRIP = NO;
				DEBUG_INFORMATION_FORMAT = dwarf;
				ENABLE_STRICT_OBJC_MSGSEND = YES;
				ENABLE_TESTABILITY = YES;
				GCC_C_LANGUAGE_STANDARD = gnu11;
				GCC_DYNAMIC_NO_PIC = NO;
				GCC_NO_COMMON_BLOCKS = YES;
				GCC_OPTIMIZATION_LEVEL = 0;
				GCC_PREPROCESSOR_DEFINITIONS = (
					"DEBUG=1",
					"$(inherited)",
				);
				GCC_WARN_64_TO_32_BIT_CONVERSION = YES;
				GCC_WARN_ABOUT_RETURN_TYPE = YES_ERROR;
				GCC_WARN_UNDECLARED_SELECTOR = YES;
				GCC_WARN_UNINITIALIZED_AUTOS = YES_AGGRESSIVE;
				GCC_WARN_UNUSED_FUNCTION = YES;
				GCC_WARN_UNUSED_VARIABLE = YES;
				IPHONEOS_DEPLOYMENT_TARGET = 14.4;
				MTL_ENABLE_DEBUG_INFO = INCLUDE_SOURCE;
				MTL_FAST_MATH = YES;
				ONLY_ACTIVE_ARCH = YES;
				SDKROOT = iphoneos;
				SWIFT_ACTIVE_COMPILATION_CONDITIONS = DEBUG;
				SWIFT_OPTIMIZATION_LEVEL = "-Onone";
			};
			name = Debug;
		};
		BC68A5E3260B09050007F846 /* Release */ = {
			isa = XCBuildConfiguration;
			buildSettings = {
				ALWAYS_SEARCH_USER_PATHS = NO;
				CLANG_ANALYZER_NONNULL = YES;
				CLANG_ANALYZER_NUMBER_OBJECT_CONVERSION = YES_AGGRESSIVE;
				CLANG_CXX_LANGUAGE_STANDARD = "gnu++14";
				CLANG_CXX_LIBRARY = "libc++";
				CLANG_ENABLE_MODULES = YES;
				CLANG_ENABLE_OBJC_ARC = YES;
				CLANG_ENABLE_OBJC_WEAK = YES;
				CLANG_WARN_BLOCK_CAPTURE_AUTORELEASING = YES;
				CLANG_WARN_BOOL_CONVERSION = YES;
				CLANG_WARN_COMMA = YES;
				CLANG_WARN_CONSTANT_CONVERSION = YES;
				CLANG_WARN_DEPRECATED_OBJC_IMPLEMENTATIONS = YES;
				CLANG_WARN_DIRECT_OBJC_ISA_USAGE = YES_ERROR;
				CLANG_WARN_DOCUMENTATION_COMMENTS = YES;
				CLANG_WARN_EMPTY_BODY = YES;
				CLANG_WARN_ENUM_CONVERSION = YES;
				CLANG_WARN_INFINITE_RECURSION = YES;
				CLANG_WARN_INT_CONVERSION = YES;
				CLANG_WARN_NON_LITERAL_NULL_CONVERSION = YES;
				CLANG_WARN_OBJC_IMPLICIT_RETAIN_SELF = YES;
				CLANG_WARN_OBJC_LITERAL_CONVERSION = YES;
				CLANG_WARN_OBJC_ROOT_CLASS = YES_ERROR;
				CLANG_WARN_QUOTED_INCLUDE_IN_FRAMEWORK_HEADER = YES;
				CLANG_WARN_RANGE_LOOP_ANALYSIS = YES;
				CLANG_WARN_STRICT_PROTOTYPES = YES;
				CLANG_WARN_SUSPICIOUS_MOVE = YES;
				CLANG_WARN_UNGUARDED_AVAILABILITY = YES_AGGRESSIVE;
				CLANG_WARN_UNREACHABLE_CODE = YES;
				CLANG_WARN__DUPLICATE_METHOD_MATCH = YES;
				COPY_PHASE_STRIP = NO;
				DEBUG_INFORMATION_FORMAT = "dwarf-with-dsym";
				ENABLE_NS_ASSERTIONS = NO;
				ENABLE_STRICT_OBJC_MSGSEND = YES;
				GCC_C_LANGUAGE_STANDARD = gnu11;
				GCC_NO_COMMON_BLOCKS = YES;
				GCC_WARN_64_TO_32_BIT_CONVERSION = YES;
				GCC_WARN_ABOUT_RETURN_TYPE = YES_ERROR;
				GCC_WARN_UNDECLARED_SELECTOR = YES;
				GCC_WARN_UNINITIALIZED_AUTOS = YES_AGGRESSIVE;
				GCC_WARN_UNUSED_FUNCTION = YES;
				GCC_WARN_UNUSED_VARIABLE = YES;
				IPHONEOS_DEPLOYMENT_TARGET = 14.4;
				MTL_ENABLE_DEBUG_INFO = NO;
				MTL_FAST_MATH = YES;
				SDKROOT = iphoneos;
				SWIFT_COMPILATION_MODE = wholemodule;
				SWIFT_OPTIMIZATION_LEVEL = "-O";
				VALIDATE_PRODUCT = YES;
			};
			name = Release;
		};
		BC68A5E5260B09050007F846 /* Debug */ = {
			isa = XCBuildConfiguration;
			buildSettings = {
				ASSETCATALOG_COMPILER_APPICON_NAME = AppIcon;
				ASSETCATALOG_COMPILER_GLOBAL_ACCENT_COLOR_NAME = AccentColor;
				CODE_SIGN_STYLE = Automatic;
				DEVELOPMENT_TEAM = YU42ADAZ46;
				INFOPLIST_FILE = Diabestie/Info.plist;
				LD_RUNPATH_SEARCH_PATHS = (
					"$(inherited)",
					"@executable_path/Frameworks",
				);
				MARKETING_VERSION = 1.0.0;
				PRODUCT_BUNDLE_IDENTIFIER = id.startup.Diabestie;
				PRODUCT_NAME = "$(TARGET_NAME)";
				SWIFT_VERSION = 5.0;
				TARGETED_DEVICE_FAMILY = "1,2";
			};
			name = Debug;
		};
		BC68A5E6260B09050007F846 /* Release */ = {
			isa = XCBuildConfiguration;
			buildSettings = {
				ASSETCATALOG_COMPILER_APPICON_NAME = AppIcon;
				ASSETCATALOG_COMPILER_GLOBAL_ACCENT_COLOR_NAME = AccentColor;
				CODE_SIGN_STYLE = Automatic;
				DEVELOPMENT_TEAM = YU42ADAZ46;
				INFOPLIST_FILE = Diabestie/Info.plist;
				LD_RUNPATH_SEARCH_PATHS = (
					"$(inherited)",
					"@executable_path/Frameworks",
				);
				MARKETING_VERSION = 1.0.0;
				PRODUCT_BUNDLE_IDENTIFIER = id.startup.Diabestie;
				PRODUCT_NAME = "$(TARGET_NAME)";
				SWIFT_VERSION = 5.0;
				TARGETED_DEVICE_FAMILY = "1,2";
			};
			name = Release;
		};
/* End XCBuildConfiguration section */

/* Begin XCConfigurationList section */
		BC68A5C8260B09040007F846 /* Build configuration list for PBXProject "Diabestie" */ = {
			isa = XCConfigurationList;
			buildConfigurations = (
				BC68A5E2260B09050007F846 /* Debug */,
				BC68A5E3260B09050007F846 /* Release */,
			);
			defaultConfigurationIsVisible = 0;
			defaultConfigurationName = Release;
		};
		BC68A5E4260B09050007F846 /* Build configuration list for PBXNativeTarget "Diabestie" */ = {
			isa = XCConfigurationList;
			buildConfigurations = (
				BC68A5E5260B09050007F846 /* Debug */,
				BC68A5E6260B09050007F846 /* Release */,
			);
			defaultConfigurationIsVisible = 0;
			defaultConfigurationName = Release;
		};
/* End XCConfigurationList section */

/* Begin XCVersionGroup section */
		BC68A5D9260B09040007F846 /* Diabestie.xcdatamodeld */ = {
			isa = XCVersionGroup;
			children = (
				BC68A5DA260B09040007F846 /* Diabestie.xcdatamodel */,
			);
			currentVersion = BC68A5DA260B09040007F846 /* Diabestie.xcdatamodel */;
			path = Diabestie.xcdatamodeld;
			sourceTree = "<group>";
			versionGroupType = wrapper.xcdatamodel;
		};
/* End XCVersionGroup section */
	};
	rootObject = BC68A5C5260B09040007F846 /* Project object */;
}
